emperror.dev/errors v0.1.0 h1:yY+7EYd6Hev0OxGzSKXi70DUiSUG+fiNEtBam8tXokg=
emperror.dev/errors v0.1.0/go.mod h1:iqDyvElF1jyzj73xfSq3FMkmmR/D9IFWsV2jvZfCIWU=
emperror.dev/errors v0.2.0 h1:9o/vk8/piTiIDjrPp27K4FZqnzNB0FdwbA45foTQqYw=
emperror.dev/errors v0.2.0/go.mod h1:iqDyvElF1jyzj73xfSq3FMkmmR/D9IFWsV2jvZfCIWU=
emperror.dev/errors v0.3.0 h1:SLrbz46nFxNESMRRBqZim/iAROHvfacsxw2loL7now4=
emperror.dev/errors v0.3.0/go.mod h1:cA5SMsyzo+KXq997DKGK+lTV1DGx5TXLQUNtYe9p2p0=
emperror.dev/errors v0.4.0 h1:pRN4MFgT0BrWGpijjX+EIP/xX4WnZ7rhJntrGkZhTLY=
emperror.dev/errors v0.4.0/go.mod h1:cA5SMsyzo+KXq997DKGK+lTV1DGx5TXLQUNtYe9p2p0=
emperror.dev/errors v0.4.1 h1:L34hKwpXDjGLrtkN0VOjrj0y4ZFyy9/Y+EhFSfMhot0=
emperror.dev/errors v0.4.1/go.mod h1:cA5SMsyzo+KXq997DKGK+lTV1DGx5TXLQUNtYe9p2p0=
github.com/pkg/errors v0.8.0 h1:WdK/asTD0HN+q6hsWO3/vpuAkAr+tw6aNJNDFFf0+qw=
github.com/pkg/errors v0.8.0/go.mod h1:bwawxfHBFNV+L2hUp1rHADufV3IMtnDRdf1r5NINEl0=
github.com/pkg/errors v0.8.1 h1:iURUrRGxPUNPdy5/HRSm+Yj6okJ6UtLINN0Q9M4+h3I=
github.com/pkg/errors v0.8.1/go.mod h1:bwawxfHBFNV+L2hUp1rHADufV3IMtnDRdf1r5NINEl0=
go.uber.org/atomic v1.4.0 h1:cxzIVoETapQEqDhQu3QfnvXAV4AlzcvUCxkVUFw3+EU=
go.uber.org/atomic v1.4.0/go.mod h1:gD2HeocX3+yG+ygLZcrzQJaqmWj9AIm7n08wl/qW/PE=
go.uber.org/multierr v1.1.0 h1:HoEmRHQPVSqub6w2z2d2EOVs2fjyFRGyofhKuyDq0QI=
go.uber.org/multierr v1.1.0/go.mod h1:wR5kodmAFQ0UK8QlbwjlSNy0Z68gJhDJUG5sjR94q/0=
